<?xml version="1.0" encoding="utf-8"?>
<Project ToolsVersion="4.0" xmlns="http://schemas.microsoft.com/developer/msbuild/2003">
  <ItemGroup>
    <Filter Include="Mercy">
      <UniqueIdentifier>{65B3A90D-D1C7-D1BE-9A49-751E061DCEEF}</UniqueIdentifier>
    </Filter>
    <Filter Include="Mercy\Core">
      <UniqueIdentifier>{DDBEC379-C976-05C7-327E-DE221E55A0B7}</UniqueIdentifier>
    </Filter>
  </ItemGroup>
  <ItemGroup>
    <ClInclude Include="src\Mercy.h" />
    <ClInclude Include="src\Mercy\Core\Application.h">
      <Filter>Mercy\Core</Filter>
    </ClInclude>
    <ClInclude Include="src\Mercy\Core\Core.h">
      <Filter>Mercy\Core</Filter>
    </ClInclude>
    <ClInclude Include="src\Mercy\Core\EntryPoint.h">
      <Filter>Mercy\Core</Filter>
    </ClInclude>
    <ClInclude Include="src\Mercy\Core\Log.h">
      <Filter>Mercy\Core</Filter>
    </ClInclude>
  </ItemGroup>
  <ItemGroup>
    <ClCompile Include="src\Mercy\Core\Application.cpp">
      <Filter>Mercy\Core</Filter>
    </ClCompile>
    <ClCompile Include="src\Mercy\Core\Log.cpp">
      <Filter>Mercy\Core</Filter>
    </ClCompile>
  </ItemGroup>
</Project>