<?xml version="1.0" encoding="utf-8"?>
<Project ToolsVersion="4.0" xmlns="http://schemas.microsoft.com/developer/msbuild/2003">
  <ItemGroup>
    <Filter Include="Mercy">
      <UniqueIdentifier>{65B3A90D-D1C7-D1BE-9A49-751E061DCEEF}</UniqueIdentifier>
    </Filter>
    <Filter Include="Mercy\Core">
      <UniqueIdentifier>{DDBEC379-C976-05C7-327E-DE221E55A0B7}</UniqueIdentifier>
    </Filter>
    <Filter Include="Mercy\Events">
      <UniqueIdentifier>{A9FBD0FE-955E-60A3-3EE4-98592A262C26}</UniqueIdentifier>
    </Filter>
    <Filter Include="Mercy\Layers">
      <UniqueIdentifier>{84E6B30D-7049-43B2-19CF-7B6805110F35}</UniqueIdentifier>
    </Filter>
    <Filter Include="Platform">
      <UniqueIdentifier>{2AC788B4-1694-E3BF-3FAD-D1672BD9184E}</UniqueIdentifier>
    </Filter>
    <Filter Include="Platform\Windows">
      <UniqueIdentifier>{64FBD71A-50F4-F66C-7926-DCF1657ED678}</UniqueIdentifier>
    </Filter>
  </ItemGroup>
  <ItemGroup>
    <ClInclude Include="src\Mercy.h" />
    <ClInclude Include="src\Mercy\Core\Application.h">
      <Filter>Mercy\Core</Filter>
    </ClInclude>
    <ClInclude Include="src\Mercy\Core\Core.h">
      <Filter>Mercy\Core</Filter>
    </ClInclude>
    <ClInclude Include="src\Mercy\Core\EntryPoint.h">
      <Filter>Mercy\Core</Filter>
    </ClInclude>
    <ClInclude Include="src\Mercy\Core\Log.h">
      <Filter>Mercy\Core</Filter>
    </ClInclude>
    <ClInclude Include="src\Mercy\Core\Window.h">
      <Filter>Mercy\Core</Filter>
    </ClInclude>
    <ClInclude Include="src\Mercy\Events\ApplicationEvent.h">
      <Filter>Mercy\Events</Filter>
    </ClInclude>
    <ClInclude Include="src\Mercy\Events\Event.h">
      <Filter>Mercy\Events</Filter>
    </ClInclude>
    <ClInclude Include="src\Mercy\Events\KeyEvent.h">
      <Filter>Mercy\Events</Filter>
    </ClInclude>
    <ClInclude Include="src\Mercy\Events\MouseEvent.h">
      <Filter>Mercy\Events</Filter>
    </ClInclude>
    <ClInclude Include="src\Mercy\Layers\Layer.h">
      <Filter>Mercy\Layers</Filter>
    </ClInclude>
    <ClInclude Include="src\Mercy\Layers\LayerStack.h">
      <Filter>Mercy\Layers</Filter>
    </ClInclude>
    <ClInclude Include="src\Platform\Windows\WWindow.h">
      <Filter>Platform\Windows</Filter>
    </ClInclude>
    <ClInclude Include="src\mercypch.h" />
    <ClInclude Include="src\Platform\Windows\WInput.h" />
    <ClInclude Include="src\Mercy\Core\Input.h" />
  </ItemGroup>
  <ItemGroup>
    <ClCompile Include="src\Mercy\Core\Application.cpp">
      <Filter>Mercy\Core</Filter>
    </ClCompile>
    <ClCompile Include="src\Mercy\Core\Log.cpp">
      <Filter>Mercy\Core</Filter>
    </ClCompile>
    <ClCompile Include="src\Mercy\Layers\Layer.cpp">
      <Filter>Mercy\Layers</Filter>
    </ClCompile>
    <ClCompile Include="src\Mercy\Layers\LayerStack.cpp">
      <Filter>Mercy\Layers</Filter>
    </ClCompile>
    <ClCompile Include="src\Platform\Windows\WWindow.cpp">
      <Filter>Platform\Windows</Filter>
    </ClCompile>
    <ClCompile Include="src\mercypch.cpp" />
    <ClCompile Include="src\Platform\Windows\WInput.cpp" />
  </ItemGroup>
</Project>